
Microsoft Visual Studio Solution File, Format Version 12.00
# Visual Studio Version 16
VisualStudioVersion = 16.0.30011.22
MinimumVisualStudioVersion = 10.0.40219.1
Project("{FAE04EC0-301F-11D3-BF4B-00C04F79EFBC}") = "ConvertBackgroundIntoFrames", "ConvertBackgroundIntoFrames\ConvertBackgroundIntoFrames.csproj", "{CBBF28C1-48B0-49C7-8AB5-3548B907B018}"
EndProject
Global
	GlobalSection(SolutionConfigurationPlatforms) = preSolution
		Debug|Any CPU = Debug|Any CPU
		Release|Any CPU = Release|Any CPU
	EndGlobalSection
	GlobalSection(ProjectConfigurationPlatforms) = postSolution
		{CBBF28C1-48B0-49C7-8AB5-3548B907B018}.Debug|Any CPU.ActiveCfg = Debug|Any CPU
		{CBBF28C1-48B0-49C7-8AB5-3548B907B018}.Debug|Any CPU.Build.0 = Debug|Any CPU
		{CBBF28C1-48B0-49C7-8AB5-3548B907B018}.Release|Any CPU.ActiveCfg = Release|Any CPU
		{CBBF28C1-48B0-49C7-8AB5-3548B907B018}.Release|Any CPU.Build.0 = Release|Any CPU
	EndGlobalSection
	GlobalSection(SolutionProperties) = preSolution
		HideSolutionNode = FALSE
	EndGlobalSection
	GlobalSection(ExtensibilityGlobals) = postSolution
		SolutionGuid = {EB4A0E96-CF35-4701-837B-CFB1528BC65C}
	EndGlobalSection
EndGlobal
